
Microsoft Visual Studio Solution File, Format Version 12.00
# Visual Studio 15
VisualStudioVersion = 15.0.25914.0
MinimumVisualStudioVersion = 10.0.40219.1
Project("{2150E333-8FDC-42A3-9474-1A3956D46DE8}") = "src", "src", "{070FBA06-8AFB-4044-BC05-59E7B0C3244D}"
EndProject
Project("{FAE04EC0-301F-11D3-BF4B-00C04F79EFBC}") = "WebApplication1", "src\WebApplication1\WebApplication1.csproj", "{F8B173DC-3DC8-48C8-A909-878FFC9C9FE2}"
EndProject
Project("{FAE04EC0-301F-11D3-BF4B-00C04F79EFBC}") = "ClassLibrary1", "ClassLibrary1\ClassLibrary1.csproj", "{77647081-2C0C-463B-A9FB-8DC252BAE45E}"
EndProject
Project("{FAE04EC0-301F-11D3-BF4B-00C04F79EFBC}") = "ClassLibrary2", "ClassLibrary2\ClassLibrary2.csproj", "{A4F85FDE-C963-43E9-B973-40331D07B189}"
EndProject
Global
	GlobalSection(SolutionConfigurationPlatforms) = preSolution
		Debug|Any CPU = Debug|Any CPU
		Release|Any CPU = Release|Any CPU
	EndGlobalSection
	GlobalSection(ProjectConfigurationPlatforms) = postSolution
		{F8B173DC-3DC8-48C8-A909-878FFC9C9FE2}.Debug|Any CPU.ActiveCfg = Debug|Any CPU
		{F8B173DC-3DC8-48C8-A909-878FFC9C9FE2}.Debug|Any CPU.Build.0 = Debug|Any CPU
		{F8B173DC-3DC8-48C8-A909-878FFC9C9FE2}.Release|Any CPU.ActiveCfg = Release|Any CPU
		{F8B173DC-3DC8-48C8-A909-878FFC9C9FE2}.Release|Any CPU.Build.0 = Release|Any CPU
		{77647081-2C0C-463B-A9FB-8DC252BAE45E}.Debug|Any CPU.ActiveCfg = Debug|Any CPU
		{77647081-2C0C-463B-A9FB-8DC252BAE45E}.Debug|Any CPU.Build.0 = Debug|Any CPU
		{77647081-2C0C-463B-A9FB-8DC252BAE45E}.Release|Any CPU.ActiveCfg = Release|Any CPU
		{77647081-2C0C-463B-A9FB-8DC252BAE45E}.Release|Any CPU.Build.0 = Release|Any CPU
		{A4F85FDE-C963-43E9-B973-40331D07B189}.Debug|Any CPU.ActiveCfg = Debug|Any CPU
		{A4F85FDE-C963-43E9-B973-40331D07B189}.Debug|Any CPU.Build.0 = Debug|Any CPU
		{A4F85FDE-C963-43E9-B973-40331D07B189}.Release|Any CPU.ActiveCfg = Release|Any CPU
		{A4F85FDE-C963-43E9-B973-40331D07B189}.Release|Any CPU.Build.0 = Release|Any CPU
	EndGlobalSection
	GlobalSection(SolutionProperties) = preSolution
		HideSolutionNode = FALSE
	EndGlobalSection
	GlobalSection(NestedProjects) = preSolution
		{F8B173DC-3DC8-48C8-A909-878FFC9C9FE2} = {070FBA06-8AFB-4044-BC05-59E7B0C3244D}
		{77647081-2C0C-463B-A9FB-8DC252BAE45E} = {070FBA06-8AFB-4044-BC05-59E7B0C3244D}
		{A4F85FDE-C963-43E9-B973-40331D07B189} = {070FBA06-8AFB-4044-BC05-59E7B0C3244D}
	EndGlobalSection
EndGlobal
